// !$*UTF8*$!
{
	archiveVersion = 1;
	classes = {
	};
	objectVersion = 46;
	objects = {

/* Begin PBXBuildFile section */
		4ED4258B6A1EDA68222FE0AA /* Pods_Test.framework in Frameworks */ = {isa = PBXBuildFile; fileRef = F190B96B51B1444F3394FB64 /* Pods_Test.framework */; };
		543321DB1F3C3DA200028CCB /* ExamineStaticssticsViewController.swift in Sources */ = {isa = PBXBuildFile; fileRef = 543321D91F3C3DA200028CCB /* ExamineStaticssticsViewController.swift */; };
		543321DC1F3C3DA200028CCB /* ExamineStaticssticsViewController.xib in Resources */ = {isa = PBXBuildFile; fileRef = 543321DA1F3C3DA200028CCB /* ExamineStaticssticsViewController.xib */; };
		5472C5921F316C2000BDFB7E /* ExamineMainModel.swift in Sources */ = {isa = PBXBuildFile; fileRef = 5472C5911F316C2000BDFB7E /* ExamineMainModel.swift */; };
		5472C5941F31AFA300BDFB7E /* ExamineDetailModel.swift in Sources */ = {isa = PBXBuildFile; fileRef = 5472C5931F31AFA300BDFB7E /* ExamineDetailModel.swift */; };
		5472C5961F31B18000BDFB7E /* ExamineItemModel.swift in Sources */ = {isa = PBXBuildFile; fileRef = 5472C5951F31B18000BDFB7E /* ExamineItemModel.swift */; };
		5472C5981F31B19600BDFB7E /* ExamineAnswerModel.swift in Sources */ = {isa = PBXBuildFile; fileRef = 5472C5971F31B19600BDFB7E /* ExamineAnswerModel.swift */; };
		54A860D61F341A310033C854 /* ExamineOptionViewCell.swift in Sources */ = {isa = PBXBuildFile; fileRef = 54A860D41F341A310033C854 /* ExamineOptionViewCell.swift */; };
		54A860D71F341A310033C854 /* ExamineOptionViewCell.xib in Resources */ = {isa = PBXBuildFile; fileRef = 54A860D51F341A310033C854 /* ExamineOptionViewCell.xib */; };
		54AC20B61F3948FE0055E28D /* ExamineDetailsViewCell.swift in Sources */ = {isa = PBXBuildFile; fileRef = 54AC20B41F3948FE0055E28D /* ExamineDetailsViewCell.swift */; };
		54AC20B71F3948FE0055E28D /* ExamineDetailsViewCell.xib in Resources */ = {isa = PBXBuildFile; fileRef = 54AC20B51F3948FE0055E28D /* ExamineDetailsViewCell.xib */; };
		54AC20BC1F3951670055E28D /* ExamineOptionLabelCell.swift in Sources */ = {isa = PBXBuildFile; fileRef = 54AC20BA1F3951670055E28D /* ExamineOptionLabelCell.swift */; };
		54AC20BF1F39611B0055E28D /* ExamineOptionLabelCell.xib in Resources */ = {isa = PBXBuildFile; fileRef = 54AC20BE1F39611B0055E28D /* ExamineOptionLabelCell.xib */; };
		54AC20C11F39B9EC0055E28D /* ExamineSubmitModel.swift in Sources */ = {isa = PBXBuildFile; fileRef = 54AC20C01F39B9EC0055E28D /* ExamineSubmitModel.swift */; };
		54AC21091F3B26F20055E28D /* criticleControl_1.png in Resources */ = {isa = PBXBuildFile; fileRef = 54AC20C41F3B26F20055E28D /* criticleControl_1.png */; };
		54AC210A1F3B26F20055E28D /* criticleControl_2.png in Resources */ = {isa = PBXBuildFile; fileRef = 54AC20C51F3B26F20055E28D /* criticleControl_2.png */; };
		54AC210B1F3B26F20055E28D /* criticleControl_3.png in Resources */ = {isa = PBXBuildFile; fileRef = 54AC20C61F3B26F20055E28D /* criticleControl_3.png */; };
		54AC210C1F3B26F20055E28D /* criticleControl_4.png in Resources */ = {isa = PBXBuildFile; fileRef = 54AC20C71F3B26F20055E28D /* criticleControl_4.png */; };
		54AC210D1F3B26F20055E28D /* criticleControl_5.png in Resources */ = {isa = PBXBuildFile; fileRef = 54AC20C81F3B26F20055E28D /* criticleControl_5.png */; };
		54AC210E1F3B26F20055E28D /* criticleControl_6.png in Resources */ = {isa = PBXBuildFile; fileRef = 54AC20C91F3B26F20055E28D /* criticleControl_6.png */; };
		54AC210F1F3B26F20055E28D /* criticleControl_7.png in Resources */ = {isa = PBXBuildFile; fileRef = 54AC20CA1F3B26F20055E28D /* criticleControl_7.png */; };
		54AC21101F3B26F20055E28D /* criticleControl_8.png in Resources */ = {isa = PBXBuildFile; fileRef = 54AC20CB1F3B26F20055E28D /* criticleControl_8.png */; };
		54AC21111F3B26F20055E28D /* criticleControl_9.png in Resources */ = {isa = PBXBuildFile; fileRef = 54AC20CC1F3B26F20055E28D /* criticleControl_9.png */; };
		54AC21121F3B26F20055E28D /* loading1.png in Resources */ = {isa = PBXBuildFile; fileRef = 54AC20CE1F3B26F20055E28D /* loading1.png */; };
		54AC21131F3B26F20055E28D /* loading10.png in Resources */ = {isa = PBXBuildFile; fileRef = 54AC20CF1F3B26F20055E28D /* loading10.png */; };
		54AC21141F3B26F20055E28D /* loading11.png in Resources */ = {isa = PBXBuildFile; fileRef = 54AC20D01F3B26F20055E28D /* loading11.png */; };
		54AC21151F3B26F20055E28D /* loading12.png in Resources */ = {isa = PBXBuildFile; fileRef = 54AC20D11F3B26F20055E28D /* loading12.png */; };
		54AC21161F3B26F20055E28D /* loading13.png in Resources */ = {isa = PBXBuildFile; fileRef = 54AC20D21F3B26F20055E28D /* loading13.png */; };
		54AC21171F3B26F20055E28D /* loading14.png in Resources */ = {isa = PBXBuildFile; fileRef = 54AC20D31F3B26F20055E28D /* loading14.png */; };
		54AC21181F3B26F20055E28D /* loading15.png in Resources */ = {isa = PBXBuildFile; fileRef = 54AC20D41F3B26F20055E28D /* loading15.png */; };
		54AC21191F3B26F20055E28D /* loading16.png in Resources */ = {isa = PBXBuildFile; fileRef = 54AC20D51F3B26F20055E28D /* loading16.png */; };
		54AC211A1F3B26F20055E28D /* loading17.png in Resources */ = {isa = PBXBuildFile; fileRef = 54AC20D61F3B26F20055E28D /* loading17.png */; };
		54AC211B1F3B26F20055E28D /* loading18.png in Resources */ = {isa = PBXBuildFile; fileRef = 54AC20D71F3B26F20055E28D /* loading18.png */; };
		54AC211C1F3B26F20055E28D /* loading19.png in Resources */ = {isa = PBXBuildFile; fileRef = 54AC20D81F3B26F20055E28D /* loading19.png */; };
		54AC211D1F3B26F20055E28D /* loading2.png in Resources */ = {isa = PBXBuildFile; fileRef = 54AC20D91F3B26F20055E28D /* loading2.png */; };
		54AC211E1F3B26F20055E28D /* loading20.png in Resources */ = {isa = PBXBuildFile; fileRef = 54AC20DA1F3B26F20055E28D /* loading20.png */; };
		54AC211F1F3B26F20055E28D /* loading21.png in Resources */ = {isa = PBXBuildFile; fileRef = 54AC20DB1F3B26F20055E28D /* loading21.png */; };
		54AC21201F3B26F20055E28D /* loading22.png in Resources */ = {isa = PBXBuildFile; fileRef = 54AC20DC1F3B26F20055E28D /* loading22.png */; };
		54AC21211F3B26F20055E28D /* loading23.png in Resources */ = {isa = PBXBuildFile; fileRef = 54AC20DD1F3B26F20055E28D /* loading23.png */; };
		54AC21221F3B26F20055E28D /* loading24.png in Resources */ = {isa = PBXBuildFile; fileRef = 54AC20DE1F3B26F20055E28D /* loading24.png */; };
		54AC21231F3B26F20055E28D /* loading25.png in Resources */ = {isa = PBXBuildFile; fileRef = 54AC20DF1F3B26F20055E28D /* loading25.png */; };
		54AC21241F3B26F20055E28D /* loading26.png in Resources */ = {isa = PBXBuildFile; fileRef = 54AC20E01F3B26F20055E28D /* loading26.png */; };
		54AC21251F3B26F20055E28D /* loading27.png in Resources */ = {isa = PBXBuildFile; fileRef = 54AC20E11F3B26F20055E28D /* loading27.png */; };
		54AC21261F3B26F20055E28D /* loading28.png in Resources */ = {isa = PBXBuildFile; fileRef = 54AC20E21F3B26F20055E28D /* loading28.png */; };
		54AC21271F3B26F20055E28D /* loading29.png in Resources */ = {isa = PBXBuildFile; fileRef = 54AC20E31F3B26F20055E28D /* loading29.png */; };
		54AC21281F3B26F20055E28D /* loading3.png in Resources */ = {isa = PBXBuildFile; fileRef = 54AC20E41F3B26F20055E28D /* loading3.png */; };
		54AC21291F3B26F20055E28D /* loading4.png in Resources */ = {isa = PBXBuildFile; fileRef = 54AC20E51F3B26F20055E28D /* loading4.png */; };
		54AC212A1F3B26F20055E28D /* loading5.png in Resources */ = {isa = PBXBuildFile; fileRef = 54AC20E61F3B26F20055E28D /* loading5.png */; };
		54AC212B1F3B26F20055E28D /* loading6.png in Resources */ = {isa = PBXBuildFile; fileRef = 54AC20E71F3B26F20055E28D /* loading6.png */; };
		54AC212C1F3B26F20055E28D /* loading7.png in Resources */ = {isa = PBXBuildFile; fileRef = 54AC20E81F3B26F20055E28D /* loading7.png */; };
		54AC212D1F3B26F20055E28D /* loading8.png in Resources */ = {isa = PBXBuildFile; fileRef = 54AC20E91F3B26F20055E28D /* loading8.png */; };
		54AC212E1F3B26F20055E28D /* loading9.png in Resources */ = {isa = PBXBuildFile; fileRef = 54AC20EA1F3B26F20055E28D /* loading9.png */; };
		54AC212F1F3B26F20055E28D /* refreshControl_1.png in Resources */ = {isa = PBXBuildFile; fileRef = 54AC20EC1F3B26F20055E28D /* refreshControl_1.png */; };
		54AC21301F3B26F20055E28D /* refreshControl_10.png in Resources */ = {isa = PBXBuildFile; fileRef = 54AC20ED1F3B26F20055E28D /* refreshControl_10.png */; };
		54AC21311F3B26F20055E28D /* refreshControl_11.png in Resources */ = {isa = PBXBuildFile; fileRef = 54AC20EE1F3B26F20055E28D /* refreshControl_11.png */; };
		54AC21321F3B26F20055E28D /* refreshControl_12.png in Resources */ = {isa = PBXBuildFile; fileRef = 54AC20EF1F3B26F20055E28D /* refreshControl_12.png */; };
		54AC21331F3B26F20055E28D /* refreshControl_13.png in Resources */ = {isa = PBXBuildFile; fileRef = 54AC20F01F3B26F20055E28D /* refreshControl_13.png */; };
		54AC21341F3B26F20055E28D /* refreshControl_14.png in Resources */ = {isa = PBXBuildFile; fileRef = 54AC20F11F3B26F20055E28D /* refreshControl_14.png */; };
		54AC21351F3B26F20055E28D /* refreshControl_15.png in Resources */ = {isa = PBXBuildFile; fileRef = 54AC20F21F3B26F20055E28D /* refreshControl_15.png */; };
		54AC21361F3B26F20055E28D /* refreshControl_16.png in Resources */ = {isa = PBXBuildFile; fileRef = 54AC20F31F3B26F20055E28D /* refreshControl_16.png */; };
		54AC21371F3B26F20055E28D /* refreshControl_17.png in Resources */ = {isa = PBXBuildFile; fileRef = 54AC20F41F3B26F20055E28D /* refreshControl_17.png */; };
		54AC21381F3B26F20055E28D /* refreshControl_18.png in Resources */ = {isa = PBXBuildFile; fileRef = 54AC20F51F3B26F20055E28D /* refreshControl_18.png */; };
		54AC21391F3B26F20055E28D /* refreshControl_19.png in Resources */ = {isa = PBXBuildFile; fileRef = 54AC20F61F3B26F20055E28D /* refreshControl_19.png */; };
		54AC213A1F3B26F20055E28D /* refreshControl_2.png in Resources */ = {isa = PBXBuildFile; fileRef = 54AC20F71F3B26F20055E28D /* refreshControl_2.png */; };
		54AC213B1F3B26F20055E28D /* refreshControl_20.png in Resources */ = {isa = PBXBuildFile; fileRef = 54AC20F81F3B26F20055E28D /* refreshControl_20.png */; };
		54AC213C1F3B26F20055E28D /* refreshControl_21.png in Resources */ = {isa = PBXBuildFile; fileRef = 54AC20F91F3B26F20055E28D /* refreshControl_21.png */; };
		54AC213D1F3B26F20055E28D /* refreshControl_22.png in Resources */ = {isa = PBXBuildFile; fileRef = 54AC20FA1F3B26F20055E28D /* refreshControl_22.png */; };
		54AC213E1F3B26F20055E28D /* refreshControl_23.png in Resources */ = {isa = PBXBuildFile; fileRef = 54AC20FB1F3B26F20055E28D /* refreshControl_23.png */; };
		54AC213F1F3B26F20055E28D /* refreshControl_24.png in Resources */ = {isa = PBXBuildFile; fileRef = 54AC20FC1F3B26F20055E28D /* refreshControl_24.png */; };
		54AC21401F3B26F20055E28D /* refreshControl_25.png in Resources */ = {isa = PBXBuildFile; fileRef = 54AC20FD1F3B26F20055E28D /* refreshControl_25.png */; };
		54AC21411F3B26F20055E28D /* refreshControl_26.png in Resources */ = {isa = PBXBuildFile; fileRef = 54AC20FE1F3B26F20055E28D /* refreshControl_26.png */; };
		54AC21421F3B26F20055E28D /* refreshControl_27.png in Resources */ = {isa = PBXBuildFile; fileRef = 54AC20FF1F3B26F20055E28D /* refreshControl_27.png */; };
		54AC21431F3B26F20055E28D /* refreshControl_28.png in Resources */ = {isa = PBXBuildFile; fileRef = 54AC21001F3B26F20055E28D /* refreshControl_28.png */; };
		54AC21441F3B26F20055E28D /* refreshControl_29.png in Resources */ = {isa = PBXBuildFile; fileRef = 54AC21011F3B26F20055E28D /* refreshControl_29.png */; };
		54AC21451F3B26F20055E28D /* refreshControl_3.png in Resources */ = {isa = PBXBuildFile; fileRef = 54AC21021F3B26F20055E28D /* refreshControl_3.png */; };
		54AC21461F3B26F20055E28D /* refreshControl_4.png in Resources */ = {isa = PBXBuildFile; fileRef = 54AC21031F3B26F20055E28D /* refreshControl_4.png */; };
		54AC21471F3B26F20055E28D /* refreshControl_5.png in Resources */ = {isa = PBXBuildFile; fileRef = 54AC21041F3B26F20055E28D /* refreshControl_5.png */; };
		54AC21481F3B26F20055E28D /* refreshControl_6.png in Resources */ = {isa = PBXBuildFile; fileRef = 54AC21051F3B26F20055E28D /* refreshControl_6.png */; };
		54AC21491F3B26F20055E28D /* refreshControl_7.png in Resources */ = {isa = PBXBuildFile; fileRef = 54AC21061F3B26F20055E28D /* refreshControl_7.png */; };
		54AC214A1F3B26F20055E28D /* refreshControl_8.png in Resources */ = {isa = PBXBuildFile; fileRef = 54AC21071F3B26F20055E28D /* refreshControl_8.png */; };
		54AC214B1F3B26F20055E28D /* refreshControl_9.png in Resources */ = {isa = PBXBuildFile; fileRef = 54AC21081F3B26F20055E28D /* refreshControl_9.png */; };
		54BEAE5A1F3014120033F68C /* AppDelegate.swift in Sources */ = {isa = PBXBuildFile; fileRef = 54BEAE591F3014120033F68C /* AppDelegate.swift */; };
		54BEAE611F3014120033F68C /* Assets.xcassets in Resources */ = {isa = PBXBuildFile; fileRef = 54BEAE601F3014120033F68C /* Assets.xcassets */; };
		54BEAE641F3014120033F68C /* LaunchScreen.storyboard in Resources */ = {isa = PBXBuildFile; fileRef = 54BEAE621F3014120033F68C /* LaunchScreen.storyboard */; };
		54BEAE6F1F3014120033F68C /* TestTests.swift in Sources */ = {isa = PBXBuildFile; fileRef = 54BEAE6E1F3014120033F68C /* TestTests.swift */; };
		54BEAE7A1F3014120033F68C /* TestUITests.swift in Sources */ = {isa = PBXBuildFile; fileRef = 54BEAE791F3014120033F68C /* TestUITests.swift */; };
		54BEAE931F301D270033F68C /* LoginViewController.swift in Sources */ = {isa = PBXBuildFile; fileRef = 54BEAE911F301D270033F68C /* LoginViewController.swift */; };
		54BEAE941F301D270033F68C /* LoginViewController.xib in Resources */ = {isa = PBXBuildFile; fileRef = 54BEAE921F301D270033F68C /* LoginViewController.xib */; };
		54BEAE9A1F3024A10033F68C /* CustomNavigationController.swift in Sources */ = {isa = PBXBuildFile; fileRef = 54BEAE991F3024A10033F68C /* CustomNavigationController.swift */; };
		54BEAEA21F302C440033F68C /* ExamineMainViewController.swift in Sources */ = {isa = PBXBuildFile; fileRef = 54BEAEA11F302C440033F68C /* ExamineMainViewController.swift */; };
		54BEAEA51F302CCB0033F68C /* ExamineMainViewCell.swift in Sources */ = {isa = PBXBuildFile; fileRef = 54BEAEA31F302CCB0033F68C /* ExamineMainViewCell.swift */; };
		54BEAEA61F302CCB0033F68C /* ExamineMainViewCell.xib in Resources */ = {isa = PBXBuildFile; fileRef = 54BEAEA41F302CCB0033F68C /* ExamineMainViewCell.xib */; };
		54BEAEA91F3034C00033F68C /* AppExtension.swift in Sources */ = {isa = PBXBuildFile; fileRef = 54BEAEA81F3034C00033F68C /* AppExtension.swift */; };
		54BEAEB11F3054570033F68C /* ExamineDetailViewController.swift in Sources */ = {isa = PBXBuildFile; fileRef = 54BEAEB01F3054570033F68C /* ExamineDetailViewController.swift */; };
		54BEAEBA1F3089C00033F68C /* NetworkTool.swift in Sources */ = {isa = PBXBuildFile; fileRef = 54BEAEB91F3089C00033F68C /* NetworkTool.swift */; };
		54BEAEBC1F3094D00033F68C /* UserModel.swift in Sources */ = {isa = PBXBuildFile; fileRef = 54BEAEBB1F3094D00033F68C /* UserModel.swift */; };
/* End PBXBuildFile section */

/* Begin PBXContainerItemProxy section */
		54BEAE6B1F3014120033F68C /* PBXContainerItemProxy */ = {
			isa = PBXContainerItemProxy;
			containerPortal = 54BEAE4E1F3014110033F68C /* Project object */;
			proxyType = 1;
			remoteGlobalIDString = 54BEAE551F3014110033F68C;
			remoteInfo = Test;
		};
		54BEAE761F3014120033F68C /* PBXContainerItemProxy */ = {
			isa = PBXContainerItemProxy;
			containerPortal = 54BEAE4E1F3014110033F68C /* Project object */;
			proxyType = 1;
			remoteGlobalIDString = 54BEAE551F3014110033F68C;
			remoteInfo = Test;
		};
/* End PBXContainerItemProxy section */

/* Begin PBXFileReference section */
		543321D91F3C3DA200028CCB /* ExamineStaticssticsViewController.swift */ = {isa = PBXFileReference; fileEncoding = 4; lastKnownFileType = sourcecode.swift; path = ExamineStaticssticsViewController.swift; sourceTree = "<group>"; };
		543321DA1F3C3DA200028CCB /* ExamineStaticssticsViewController.xib */ = {isa = PBXFileReference; fileEncoding = 4; lastKnownFileType = file.xib; path = ExamineStaticssticsViewController.xib; sourceTree = "<group>"; };
		5472C5911F316C2000BDFB7E /* ExamineMainModel.swift */ = {isa = PBXFileReference; fileEncoding = 4; lastKnownFileType = sourcecode.swift; path = ExamineMainModel.swift; sourceTree = "<group>"; };
		5472C5931F31AFA300BDFB7E /* ExamineDetailModel.swift */ = {isa = PBXFileReference; fileEncoding = 4; lastKnownFileType = sourcecode.swift; path = ExamineDetailModel.swift; sourceTree = "<group>"; };
		5472C5951F31B18000BDFB7E /* ExamineItemModel.swift */ = {isa = PBXFileReference; fileEncoding = 4; lastKnownFileType = sourcecode.swift; path = ExamineItemModel.swift; sourceTree = "<group>"; };
		5472C5971F31B19600BDFB7E /* ExamineAnswerModel.swift */ = {isa = PBXFileReference; fileEncoding = 4; lastKnownFileType = sourcecode.swift; path = ExamineAnswerModel.swift; sourceTree = "<group>"; };
		54A860D41F341A310033C854 /* ExamineOptionViewCell.swift */ = {isa = PBXFileReference; fileEncoding = 4; lastKnownFileType = sourcecode.swift; path = ExamineOptionViewCell.swift; sourceTree = "<group>"; };
		54A860D51F341A310033C854 /* ExamineOptionViewCell.xib */ = {isa = PBXFileReference; fileEncoding = 4; lastKnownFileType = file.xib; path = ExamineOptionViewCell.xib; sourceTree = "<group>"; };
		54AC20B41F3948FE0055E28D /* ExamineDetailsViewCell.swift */ = {isa = PBXFileReference; fileEncoding = 4; lastKnownFileType = sourcecode.swift; path = ExamineDetailsViewCell.swift; sourceTree = "<group>"; };
		54AC20B51F3948FE0055E28D /* ExamineDetailsViewCell.xib */ = {isa = PBXFileReference; fileEncoding = 4; lastKnownFileType = file.xib; path = ExamineDetailsViewCell.xib; sourceTree = "<group>"; };
		54AC20BA1F3951670055E28D /* ExamineOptionLabelCell.swift */ = {isa = PBXFileReference; fileEncoding = 4; lastKnownFileType = sourcecode.swift; path = ExamineOptionLabelCell.swift; sourceTree = "<group>"; };
		54AC20BE1F39611B0055E28D /* ExamineOptionLabelCell.xib */ = {isa = PBXFileReference; fileEncoding = 4; lastKnownFileType = file.xib; path = ExamineOptionLabelCell.xib; sourceTree = "<group>"; };
		54AC20C01F39B9EC0055E28D /* ExamineSubmitModel.swift */ = {isa = PBXFileReference; fileEncoding = 4; lastKnownFileType = sourcecode.swift; path = ExamineSubmitModel.swift; sourceTree = "<group>"; };
		54AC20C41F3B26F20055E28D /* criticleControl_1.png */ = {isa = PBXFileReference; lastKnownFileType = image.png; path = criticleControl_1.png; sourceTree = "<group>"; };
		54AC20C51F3B26F20055E28D /* criticleControl_2.png */ = {isa = PBXFileReference; lastKnownFileType = image.png; path = criticleControl_2.png; sourceTree = "<group>"; };
		54AC20C61F3B26F20055E28D /* criticleControl_3.png */ = {isa = PBXFileReference; lastKnownFileType = image.png; path = criticleControl_3.png; sourceTree = "<group>"; };
		54AC20C71F3B26F20055E28D /* criticleControl_4.png */ = {isa = PBXFileReference; lastKnownFileType = image.png; path = criticleControl_4.png; sourceTree = "<group>"; };
		54AC20C81F3B26F20055E28D /* criticleControl_5.png */ = {isa = PBXFileReference; lastKnownFileType = image.png; path = criticleControl_5.png; sourceTree = "<group>"; };
		54AC20C91F3B26F20055E28D /* criticleControl_6.png */ = {isa = PBXFileReference; lastKnownFileType = image.png; path = criticleControl_6.png; sourceTree = "<group>"; };
		54AC20CA1F3B26F20055E28D /* criticleControl_7.png */ = {isa = PBXFileReference; lastKnownFileType = image.png; path = criticleControl_7.png; sourceTree = "<group>"; };
		54AC20CB1F3B26F20055E28D /* criticleControl_8.png */ = {isa = PBXFileReference; lastKnownFileType = image.png; path = criticleControl_8.png; sourceTree = "<group>"; };
		54AC20CC1F3B26F20055E28D /* criticleControl_9.png */ = {isa = PBXFileReference; lastKnownFileType = image.png; path = criticleControl_9.png; sourceTree = "<group>"; };
		54AC20CE1F3B26F20055E28D /* loading1.png */ = {isa = PBXFileReference; lastKnownFileType = image.png; path = loading1.png; sourceTree = "<group>"; };
		54AC20CF1F3B26F20055E28D /* loading10.png */ = {isa = PBXFileReference; lastKnownFileType = image.png; path = loading10.png; sourceTree = "<group>"; };
		54AC20D01F3B26F20055E28D /* loading11.png */ = {isa = PBXFileReference; lastKnownFileType = image.png; path = loading11.png; sourceTree = "<group>"; };
		54AC20D11F3B26F20055E28D /* loading12.png */ = {isa = PBXFileReference; lastKnownFileType = image.png; path = loading12.png; sourceTree = "<group>"; };
		54AC20D21F3B26F20055E28D /* loading13.png */ = {isa = PBXFileReference; lastKnownFileType = image.png; path = loading13.png; sourceTree = "<group>"; };
		54AC20D31F3B26F20055E28D /* loading14.png */ = {isa = PBXFileReference; lastKnownFileType = image.png; path = loading14.png; sourceTree = "<group>"; };
		54AC20D41F3B26F20055E28D /* loading15.png */ = {isa = PBXFileReference; lastKnownFileType = image.png; path = loading15.png; sourceTree = "<group>"; };
		54AC20D51F3B26F20055E28D /* loading16.png */ = {isa = PBXFileReference; lastKnownFileType = image.png; path = loading16.png; sourceTree = "<group>"; };
		54AC20D61F3B26F20055E28D /* loading17.png */ = {isa = PBXFileReference; lastKnownFileType = image.png; path = loading17.png; sourceTree = "<group>"; };
		54AC20D71F3B26F20055E28D /* loading18.png */ = {isa = PBXFileReference; lastKnownFileType = image.png; path = loading18.png; sourceTree = "<group>"; };
		54AC20D81F3B26F20055E28D /* loading19.png */ = {isa = PBXFileReference; lastKnownFileType = image.png; path = loading19.png; sourceTree = "<group>"; };
		54AC20D91F3B26F20055E28D /* loading2.png */ = {isa = PBXFileReference; lastKnownFileType = image.png; path = loading2.png; sourceTree = "<group>"; };
		54AC20DA1F3B26F20055E28D /* loading20.png */ = {isa = PBXFileReference; lastKnownFileType = image.png; path = loading20.png; sourceTree = "<group>"; };
		54AC20DB1F3B26F20055E28D /* loading21.png */ = {isa = PBXFileReference; lastKnownFileType = image.png; path = loading21.png; sourceTree = "<group>"; };
		54AC20DC1F3B26F20055E28D /* loading22.png */ = {isa = PBXFileReference; lastKnownFileType = image.png; path = loading22.png; sourceTree = "<group>"; };
		54AC20DD1F3B26F20055E28D /* loading23.png */ = {isa = PBXFileReference; lastKnownFileType = image.png; path = loading23.png; sourceTree = "<group>"; };
		54AC20DE1F3B26F20055E28D /* loading24.png */ = {isa = PBXFileReference; lastKnownFileType = image.png; path = loading24.png; sourceTree = "<group>"; };
		54AC20DF1F3B26F20055E28D /* loading25.png */ = {isa = PBXFileReference; lastKnownFileType = image.png; path = loading25.png; sourceTree = "<group>"; };
		54AC20E01F3B26F20055E28D /* loading26.png */ = {isa = PBXFileReference; lastKnownFileType = image.png; path = loading26.png; sourceTree = "<group>"; };
		54AC20E11F3B26F20055E28D /* loading27.png */ = {isa = PBXFileReference; lastKnownFileType = image.png; path = loading27.png; sourceTree = "<group>"; };
		54AC20E21F3B26F20055E28D /* loading28.png */ = {isa = PBXFileReference; lastKnownFileType = image.png; path = loading28.png; sourceTree = "<group>"; };
		54AC20E31F3B26F20055E28D /* loading29.png */ = {isa = PBXFileReference; lastKnownFileType = image.png; path = loading29.png; sourceTree = "<group>"; };
		54AC20E41F3B26F20055E28D /* loading3.png */ = {isa = PBXFileReference; lastKnownFileType = image.png; path = loading3.png; sourceTree = "<group>"; };
		54AC20E51F3B26F20055E28D /* loading4.png */ = {isa = PBXFileReference; lastKnownFileType = image.png; path = loading4.png; sourceTree = "<group>"; };
		54AC20E61F3B26F20055E28D /* loading5.png */ = {isa = PBXFileReference; lastKnownFileType = image.png; path = loading5.png; sourceTree = "<group>"; };
		54AC20E71F3B26F20055E28D /* loading6.png */ = {isa = PBXFileReference; lastKnownFileType = image.png; path = loading6.png; sourceTree = "<group>"; };
		54AC20E81F3B26F20055E28D /* loading7.png */ = {isa = PBXFileReference; lastKnownFileType = image.png; path = loading7.png; sourceTree = "<group>"; };
		54AC20E91F3B26F20055E28D /* loading8.png */ = {isa = PBXFileReference; lastKnownFileType = image.png; path = loading8.png; sourceTree = "<group>"; };
		54AC20EA1F3B26F20055E28D /* loading9.png */ = {isa = PBXFileReference; lastKnownFileType = image.png; path = loading9.png; sourceTree = "<group>"; };
		54AC20EC1F3B26F20055E28D /* refreshControl_1.png */ = {isa = PBXFileReference; lastKnownFileType = image.png; path = refreshControl_1.png; sourceTree = "<group>"; };
		54AC20ED1F3B26F20055E28D /* refreshControl_10.png */ = {isa = PBXFileReference; lastKnownFileType = image.png; path = refreshControl_10.png; sourceTree = "<group>"; };
		54AC20EE1F3B26F20055E28D /* refreshControl_11.png */ = {isa = PBXFileReference; lastKnownFileType = image.png; path = refreshControl_11.png; sourceTree = "<group>"; };
		54AC20EF1F3B26F20055E28D /* refreshControl_12.png */ = {isa = PBXFileReference; lastKnownFileType = image.png; path = refreshControl_12.png; sourceTree = "<group>"; };
		54AC20F01F3B26F20055E28D /* refreshControl_13.png */ = {isa = PBXFileReference; lastKnownFileType = image.png; path = refreshControl_13.png; sourceTree = "<group>"; };
		54AC20F11F3B26F20055E28D /* refreshControl_14.png */ = {isa = PBXFileReference; lastKnownFileType = image.png; path = refreshControl_14.png; sourceTree = "<group>"; };
		54AC20F21F3B26F20055E28D /* refreshControl_15.png */ = {isa = PBXFileReference; lastKnownFileType = image.png; path = refreshControl_15.png; sourceTree = "<group>"; };
		54AC20F31F3B26F20055E28D /* refreshControl_16.png */ = {isa = PBXFileReference; lastKnownFileType = image.png; path = refreshControl_16.png; sourceTree = "<group>"; };
		54AC20F41F3B26F20055E28D /* refreshControl_17.png */ = {isa = PBXFileReference; lastKnownFileType = image.png; path = refreshControl_17.png; sourceTree = "<group>"; };
		54AC20F51F3B26F20055E28D /* refreshControl_18.png */ = {isa = PBXFileReference; lastKnownFileType = image.png; path = refreshControl_18.png; sourceTree = "<group>"; };
		54AC20F61F3B26F20055E28D /* refreshControl_19.png */ = {isa = PBXFileReference; lastKnownFileType = image.png; path = refreshControl_19.png; sourceTree = "<group>"; };
		54AC20F71F3B26F20055E28D /* refreshControl_2.png */ = {isa = PBXFileReference; lastKnownFileType = image.png; path = refreshControl_2.png; sourceTree = "<group>"; };
		54AC20F81F3B26F20055E28D /* refreshControl_20.png */ = {isa = PBXFileReference; lastKnownFileType = image.png; path = refreshControl_20.png; sourceTree = "<group>"; };
		54AC20F91F3B26F20055E28D /* refreshControl_21.png */ = {isa = PBXFileReference; lastKnownFileType = image.png; path = refreshControl_21.png; sourceTree = "<group>"; };
		54AC20FA1F3B26F20055E28D /* refreshControl_22.png */ = {isa = PBXFileReference; lastKnownFileType = image.png; path = refreshControl_22.png; sourceTree = "<group>"; };
		54AC20FB1F3B26F20055E28D /* refreshControl_23.png */ = {isa = PBXFileReference; lastKnownFileType = image.png; path = refreshControl_23.png; sourceTree = "<group>"; };
		54AC20FC1F3B26F20055E28D /* refreshControl_24.png */ = {isa = PBXFileReference; lastKnownFileType = image.png; path = refreshControl_24.png; sourceTree = "<group>"; };
		54AC20FD1F3B26F20055E28D /* refreshControl_25.png */ = {isa = PBXFileReference; lastKnownFileType = image.png; path = refreshControl_25.png; sourceTree = "<group>"; };
		54AC20FE1F3B26F20055E28D /* refreshControl_26.png */ = {isa = PBXFileReference; lastKnownFileType = image.png; path = refreshControl_26.png; sourceTree = "<group>"; };
		54AC20FF1F3B26F20055E28D /* refreshControl_27.png */ = {isa = PBXFileReference; lastKnownFileType = image.png; path = refreshControl_27.png; sourceTree = "<group>"; };
		54AC21001F3B26F20055E28D /* refreshControl_28.png */ = {isa = PBXFileReference; lastKnownFileType = image.png; path = refreshControl_28.png; sourceTree = "<group>"; };
		54AC21011F3B26F20055E28D /* refreshControl_29.png */ = {isa = PBXFileReference; lastKnownFileType = image.png; path = refreshControl_29.png; sourceTree = "<group>"; };
		54AC21021F3B26F20055E28D /* refreshControl_3.png */ = {isa = PBXFileReference; lastKnownFileType = image.png; path = refreshControl_3.png; sourceTree = "<group>"; };
		54AC21031F3B26F20055E28D /* refreshControl_4.png */ = {isa = PBXFileReference; lastKnownFileType = image.png; path = refreshControl_4.png; sourceTree = "<group>"; };
		54AC21041F3B26F20055E28D /* refreshControl_5.png */ = {isa = PBXFileReference; lastKnownFileType = image.png; path = refreshControl_5.png; sourceTree = "<group>"; };
		54AC21051F3B26F20055E28D /* refreshControl_6.png */ = {isa = PBXFileReference; lastKnownFileType = image.png; path = refreshControl_6.png; sourceTree = "<group>"; };
		54AC21061F3B26F20055E28D /* refreshControl_7.png */ = {isa = PBXFileReference; lastKnownFileType = image.png; path = refreshControl_7.png; sourceTree = "<group>"; };
		54AC21071F3B26F20055E28D /* refreshControl_8.png */ = {isa = PBXFileReference; lastKnownFileType = image.png; path = refreshControl_8.png; sourceTree = "<group>"; };
		54AC21081F3B26F20055E28D /* refreshControl_9.png */ = {isa = PBXFileReference; lastKnownFileType = image.png; path = refreshControl_9.png; sourceTree = "<group>"; };
		54BEAE561F3014120033F68C /* Test.app */ = {isa = PBXFileReference; explicitFileType = wrapper.application; includeInIndex = 0; path = Test.app; sourceTree = BUILT_PRODUCTS_DIR; };
		54BEAE591F3014120033F68C /* AppDelegate.swift */ = {isa = PBXFileReference; lastKnownFileType = sourcecode.swift; path = AppDelegate.swift; sourceTree = "<group>"; };
		54BEAE601F3014120033F68C /* Assets.xcassets */ = {isa = PBXFileReference; lastKnownFileType = folder.assetcatalog; path = Assets.xcassets; sourceTree = "<group>"; };
		54BEAE631F3014120033F68C /* Base */ = {isa = PBXFileReference; lastKnownFileType = file.storyboard; name = Base; path = Base.lproj/LaunchScreen.storyboard; sourceTree = "<group>"; };
		54BEAE651F3014120033F68C /* Info.plist */ = {isa = PBXFileReference; lastKnownFileType = text.plist.xml; path = Info.plist; sourceTree = "<group>"; };
		54BEAE6A1F3014120033F68C /* TestTests.xctest */ = {isa = PBXFileReference; explicitFileType = wrapper.cfbundle; includeInIndex = 0; path = TestTests.xctest; sourceTree = BUILT_PRODUCTS_DIR; };
		54BEAE6E1F3014120033F68C /* TestTests.swift */ = {isa = PBXFileReference; lastKnownFileType = sourcecode.swift; path = TestTests.swift; sourceTree = "<group>"; };
		54BEAE701F3014120033F68C /* Info.plist */ = {isa = PBXFileReference; lastKnownFileType = text.plist.xml; path = Info.plist; sourceTree = "<group>"; };
		54BEAE751F3014120033F68C /* TestUITests.xctest */ = {isa = PBXFileReference; explicitFileType = wrapper.cfbundle; includeInIndex = 0; path = TestUITests.xctest; sourceTree = BUILT_PRODUCTS_DIR; };
		54BEAE791F3014120033F68C /* TestUITests.swift */ = {isa = PBXFileReference; lastKnownFileType = sourcecode.swift; path = TestUITests.swift; sourceTree = "<group>"; };
		54BEAE7B1F3014120033F68C /* Info.plist */ = {isa = PBXFileReference; lastKnownFileType = text.plist.xml; path = Info.plist; sourceTree = "<group>"; };
		54BEAE911F301D270033F68C /* LoginViewController.swift */ = {isa = PBXFileReference; fileEncoding = 4; lastKnownFileType = sourcecode.swift; path = LoginViewController.swift; sourceTree = "<group>"; };
		54BEAE921F301D270033F68C /* LoginViewController.xib */ = {isa = PBXFileReference; fileEncoding = 4; lastKnownFileType = file.xib; path = LoginViewController.xib; sourceTree = "<group>"; };
		54BEAE991F3024A10033F68C /* CustomNavigationController.swift */ = {isa = PBXFileReference; fileEncoding = 4; lastKnownFileType = sourcecode.swift; path = CustomNavigationController.swift; sourceTree = "<group>"; };
		54BEAEA11F302C440033F68C /* ExamineMainViewController.swift */ = {isa = PBXFileReference; fileEncoding = 4; lastKnownFileType = sourcecode.swift; path = ExamineMainViewController.swift; sourceTree = "<group>"; };
		54BEAEA31F302CCB0033F68C /* ExamineMainViewCell.swift */ = {isa = PBXFileReference; fileEncoding = 4; lastKnownFileType = sourcecode.swift; path = ExamineMainViewCell.swift; sourceTree = "<group>"; };
		54BEAEA41F302CCB0033F68C /* ExamineMainViewCell.xib */ = {isa = PBXFileReference; fileEncoding = 4; lastKnownFileType = file.xib; path = ExamineMainViewCell.xib; sourceTree = "<group>"; };
		54BEAEA81F3034C00033F68C /* AppExtension.swift */ = {isa = PBXFileReference; fileEncoding = 4; lastKnownFileType = sourcecode.swift; path = AppExtension.swift; sourceTree = "<group>"; };
		54BEAEB01F3054570033F68C /* ExamineDetailViewController.swift */ = {isa = PBXFileReference; fileEncoding = 4; lastKnownFileType = sourcecode.swift; path = ExamineDetailViewController.swift; sourceTree = "<group>"; };
		54BEAEB91F3089C00033F68C /* NetworkTool.swift */ = {isa = PBXFileReference; fileEncoding = 4; lastKnownFileType = sourcecode.swift; path = NetworkTool.swift; sourceTree = "<group>"; };
		54BEAEBB1F3094D00033F68C /* UserModel.swift */ = {isa = PBXFileReference; fileEncoding = 4; lastKnownFileType = sourcecode.swift; path = UserModel.swift; sourceTree = "<group>"; };
		68C115F8E48BD42489C6902A /* Pods-Test.release.xcconfig */ = {isa = PBXFileReference; includeInIndex = 1; lastKnownFileType = text.xcconfig; name = "Pods-Test.release.xcconfig"; path = "Pods/Target Support Files/Pods-Test/Pods-Test.release.xcconfig"; sourceTree = "<group>"; };
		867D61C161DB93F2EE07647C /* Pods-Test.debug.xcconfig */ = {isa = PBXFileReference; includeInIndex = 1; lastKnownFileType = text.xcconfig; name = "Pods-Test.debug.xcconfig"; path = "Pods/Target Support Files/Pods-Test/Pods-Test.debug.xcconfig"; sourceTree = "<group>"; };
		F190B96B51B1444F3394FB64 /* Pods_Test.framework */ = {isa = PBXFileReference; explicitFileType = wrapper.framework; includeInIndex = 0; path = Pods_Test.framework; sourceTree = BUILT_PRODUCTS_DIR; };
/* End PBXFileReference section */

/* Begin PBXFrameworksBuildPhase section */
		54BEAE531F3014110033F68C /* Frameworks */ = {
			isa = PBXFrameworksBuildPhase;
			buildActionMask = 2147483647;
			files = (
				4ED4258B6A1EDA68222FE0AA /* Pods_Test.framework in Frameworks */,
			);
			runOnlyForDeploymentPostprocessing = 0;
		};
		54BEAE671F3014120033F68C /* Frameworks */ = {
			isa = PBXFrameworksBuildPhase;
			buildActionMask = 2147483647;
			files = (
			);
			runOnlyForDeploymentPostprocessing = 0;
		};
		54BEAE721F3014120033F68C /* Frameworks */ = {
			isa = PBXFrameworksBuildPhase;
			buildActionMask = 2147483647;
			files = (
			);
			runOnlyForDeploymentPostprocessing = 0;
		};
/* End PBXFrameworksBuildPhase section */

/* Begin PBXGroup section */
		54A21E4A1F30B938005CAFB9 /* View */ = {
			isa = PBXGroup;
			children = (
			);
			path = View;
			sourceTree = "<group>";
		};
		54AC20C21F3B26F20055E28D /* Loading */ = {
			isa = PBXGroup;
			children = (
				54AC20C31F3B26F20055E28D /* circle */,
				54AC20CD1F3B26F20055E28D /* loading */,
				54AC20EB1F3B26F20055E28D /* refresh */,
			);
			path = Loading;
			sourceTree = "<group>";
		};
		54AC20C31F3B26F20055E28D /* circle */ = {
			isa = PBXGroup;
			children = (
				54AC20C41F3B26F20055E28D /* criticleControl_1.png */,
				54AC20C51F3B26F20055E28D /* criticleControl_2.png */,
				54AC20C61F3B26F20055E28D /* criticleControl_3.png */,
				54AC20C71F3B26F20055E28D /* criticleControl_4.png */,
				54AC20C81F3B26F20055E28D /* criticleControl_5.png */,
				54AC20C91F3B26F20055E28D /* criticleControl_6.png */,
				54AC20CA1F3B26F20055E28D /* criticleControl_7.png */,
				54AC20CB1F3B26F20055E28D /* criticleControl_8.png */,
				54AC20CC1F3B26F20055E28D /* criticleControl_9.png */,
			);
			path = circle;
			sourceTree = "<group>";
		};
		54AC20CD1F3B26F20055E28D /* loading */ = {
			isa = PBXGroup;
			children = (
				54AC20CE1F3B26F20055E28D /* loading1.png */,
				54AC20CF1F3B26F20055E28D /* loading10.png */,
				54AC20D01F3B26F20055E28D /* loading11.png */,
				54AC20D11F3B26F20055E28D /* loading12.png */,
				54AC20D21F3B26F20055E28D /* loading13.png */,
				54AC20D31F3B26F20055E28D /* loading14.png */,
				54AC20D41F3B26F20055E28D /* loading15.png */,
				54AC20D51F3B26F20055E28D /* loading16.png */,
				54AC20D61F3B26F20055E28D /* loading17.png */,
				54AC20D71F3B26F20055E28D /* loading18.png */,
				54AC20D81F3B26F20055E28D /* loading19.png */,
				54AC20D91F3B26F20055E28D /* loading2.png */,
				54AC20DA1F3B26F20055E28D /* loading20.png */,
				54AC20DB1F3B26F20055E28D /* loading21.png */,
				54AC20DC1F3B26F20055E28D /* loading22.png */,
				54AC20DD1F3B26F20055E28D /* loading23.png */,
				54AC20DE1F3B26F20055E28D /* loading24.png */,
				54AC20DF1F3B26F20055E28D /* loading25.png */,
				54AC20E01F3B26F20055E28D /* loading26.png */,
				54AC20E11F3B26F20055E28D /* loading27.png */,
				54AC20E21F3B26F20055E28D /* loading28.png */,
				54AC20E31F3B26F20055E28D /* loading29.png */,
				54AC20E41F3B26F20055E28D /* loading3.png */,
				54AC20E51F3B26F20055E28D /* loading4.png */,
				54AC20E61F3B26F20055E28D /* loading5.png */,
				54AC20E71F3B26F20055E28D /* loading6.png */,
				54AC20E81F3B26F20055E28D /* loading7.png */,
				54AC20E91F3B26F20055E28D /* loading8.png */,
				54AC20EA1F3B26F20055E28D /* loading9.png */,
			);
			path = loading;
			sourceTree = "<group>";
		};
		54AC20EB1F3B26F20055E28D /* refresh */ = {
			isa = PBXGroup;
			children = (
				54AC20EC1F3B26F20055E28D /* refreshControl_1.png */,
				54AC20ED1F3B26F20055E28D /* refreshControl_10.png */,
				54AC20EE1F3B26F20055E28D /* refreshControl_11.png */,
				54AC20EF1F3B26F20055E28D /* refreshControl_12.png */,
				54AC20F01F3B26F20055E28D /* refreshControl_13.png */,
				54AC20F11F3B26F20055E28D /* refreshControl_14.png */,
				54AC20F21F3B26F20055E28D /* refreshControl_15.png */,
				54AC20F31F3B26F20055E28D /* refreshControl_16.png */,
				54AC20F41F3B26F20055E28D /* refreshControl_17.png */,
				54AC20F51F3B26F20055E28D /* refreshControl_18.png */,
				54AC20F61F3B26F20055E28D /* refreshControl_19.png */,
				54AC20F71F3B26F20055E28D /* refreshControl_2.png */,
				54AC20F81F3B26F20055E28D /* refreshControl_20.png */,
				54AC20F91F3B26F20055E28D /* refreshControl_21.png */,
				54AC20FA1F3B26F20055E28D /* refreshControl_22.png */,
				54AC20FB1F3B26F20055E28D /* refreshControl_23.png */,
				54AC20FC1F3B26F20055E28D /* refreshControl_24.png */,
				54AC20FD1F3B26F20055E28D /* refreshControl_25.png */,
				54AC20FE1F3B26F20055E28D /* refreshControl_26.png */,
				54AC20FF1F3B26F20055E28D /* refreshControl_27.png */,
				54AC21001F3B26F20055E28D /* refreshControl_28.png */,
				54AC21011F3B26F20055E28D /* refreshControl_29.png */,
				54AC21021F3B26F20055E28D /* refreshControl_3.png */,
				54AC21031F3B26F20055E28D /* refreshControl_4.png */,
				54AC21041F3B26F20055E28D /* refreshControl_5.png */,
				54AC21051F3B26F20055E28D /* refreshControl_6.png */,
				54AC21061F3B26F20055E28D /* refreshControl_7.png */,
				54AC21071F3B26F20055E28D /* refreshControl_8.png */,
				54AC21081F3B26F20055E28D /* refreshControl_9.png */,
			);
			path = refresh;
			sourceTree = "<group>";
		};
		54BEAE4D1F3014110033F68C = {
			isa = PBXGroup;
			children = (
				54BEAE581F3014120033F68C /* Test */,
				54BEAE6D1F3014120033F68C /* TestTests */,
				54BEAE781F3014120033F68C /* TestUITests */,
				54BEAE571F3014120033F68C /* Products */,
				F0E135D803933CEAEDBCDDD5 /* Pods */,
				B894F666CB5AE04EA87FD1F3 /* Frameworks */,
			);
			sourceTree = "<group>";
		};
		54BEAE571F3014120033F68C /* Products */ = {
			isa = PBXGroup;
			children = (
				54BEAE561F3014120033F68C /* Test.app */,
				54BEAE6A1F3014120033F68C /* TestTests.xctest */,
				54BEAE751F3014120033F68C /* TestUITests.xctest */,
			);
			name = Products;
			sourceTree = "<group>";
		};
		54BEAE581F3014120033F68C /* Test */ = {
			isa = PBXGroup;
			children = (
				54BEAE891F301C7D0033F68C /* Classes */,
				54BEAE591F3014120033F68C /* AppDelegate.swift */,
				54BEAE601F3014120033F68C /* Assets.xcassets */,
				54BEAE621F3014120033F68C /* LaunchScreen.storyboard */,
				54BEAE651F3014120033F68C /* Info.plist */,
			);
			path = Test;
			sourceTree = "<group>";
		};
		54BEAE6D1F3014120033F68C /* TestTests */ = {
			isa = PBXGroup;
			children = (
				54BEAE6E1F3014120033F68C /* TestTests.swift */,
				54BEAE701F3014120033F68C /* Info.plist */,
			);
			path = TestTests;
			sourceTree = "<group>";
		};
		54BEAE781F3014120033F68C /* TestUITests */ = {
			isa = PBXGroup;
			children = (
				54BEAE791F3014120033F68C /* TestUITests.swift */,
				54BEAE7B1F3014120033F68C /* Info.plist */,
			);
			path = TestUITests;
			sourceTree = "<group>";
		};
		54BEAE891F301C7D0033F68C /* Classes */ = {
			isa = PBXGroup;
			children = (
				54AC20C21F3B26F20055E28D /* Loading */,
				54BEAE8A1F301C7D0033F68C /* Main */,
			);
			path = Classes;
			sourceTree = "<group>";
		};
		54BEAE8A1F301C7D0033F68C /* Main */ = {
			isa = PBXGroup;
			children = (
				54BEAEB81F3089A90033F68C /* Tool */,
				54BEAEA71F3034A20033F68C /* Category */,
				54BEAE951F3024800033F68C /* Other */,
				54BEAE8B1F301C7D0033F68C /* Login */,
				54BEAE9B1F3029F20033F68C /* Examine */,
			);
			path = Main;
			sourceTree = "<group>";
		};
		54BEAE8B1F301C7D0033F68C /* Login */ = {
			isa = PBXGroup;
			children = (
				54BEAE8C1F301C7D0033F68C /* Controller */,
				54BEAE8D1F301C7D0033F68C /* Model */,
				54A21E4A1F30B938005CAFB9 /* View */,
			);
			path = Login;
			sourceTree = "<group>";
		};
		54BEAE8C1F301C7D0033F68C /* Controller */ = {
			isa = PBXGroup;
			children = (
				54BEAE911F301D270033F68C /* LoginViewController.swift */,
				54BEAE921F301D270033F68C /* LoginViewController.xib */,
			);
			path = Controller;
			sourceTree = "<group>";
		};
		54BEAE8D1F301C7D0033F68C /* Model */ = {
			isa = PBXGroup;
			children = (
				54BEAEBB1F3094D00033F68C /* UserModel.swift */,
			);
			path = Model;
			sourceTree = "<group>";
		};
		54BEAE951F3024800033F68C /* Other */ = {
			isa = PBXGroup;
			children = (
				54BEAE961F3024800033F68C /* Controller */,
				54BEAE971F3024800033F68C /* Model */,
				54BEAE981F3024800033F68C /* View */,
			);
			path = Other;
			sourceTree = "<group>";
		};
		54BEAE961F3024800033F68C /* Controller */ = {
			isa = PBXGroup;
			children = (
				54BEAE991F3024A10033F68C /* CustomNavigationController.swift */,
			);
			path = Controller;
			sourceTree = "<group>";
		};
		54BEAE971F3024800033F68C /* Model */ = {
			isa = PBXGroup;
			children = (
			);
			path = Model;
			sourceTree = "<group>";
		};
		54BEAE981F3024800033F68C /* View */ = {
			isa = PBXGroup;
			children = (
			);
			path = View;
			sourceTree = "<group>";
		};
		54BEAE9B1F3029F20033F68C /* Examine */ = {
			isa = PBXGroup;
			children = (
				54BEAE9C1F3029F20033F68C /* Controller */,
				54BEAE9D1F3029F20033F68C /* Model */,
				54BEAE9E1F3029F20033F68C /* View */,
			);
			path = Examine;
			sourceTree = "<group>";
		};
		54BEAE9C1F3029F20033F68C /* Controller */ = {
			isa = PBXGroup;
			children = (
				54BEAEA11F302C440033F68C /* ExamineMainViewController.swift */,
				54BEAEB01F3054570033F68C /* ExamineDetailViewController.swift */,
				543321D91F3C3DA200028CCB /* ExamineStaticssticsViewController.swift */,
				543321DA1F3C3DA200028CCB /* ExamineStaticssticsViewController.xib */,
			);
			path = Controller;
			sourceTree = "<group>";
		};
		54BEAE9D1F3029F20033F68C /* Model */ = {
			isa = PBXGroup;
			children = (
				5472C5911F316C2000BDFB7E /* ExamineMainModel.swift */,
				54AC20C01F39B9EC0055E28D /* ExamineSubmitModel.swift */,
				5472C5931F31AFA300BDFB7E /* ExamineDetailModel.swift */,
				5472C5951F31B18000BDFB7E /* ExamineItemModel.swift */,
				5472C5971F31B19600BDFB7E /* ExamineAnswerModel.swift */,
			);
			path = Model;
			sourceTree = "<group>";
		};
		54BEAE9E1F3029F20033F68C /* View */ = {
			isa = PBXGroup;
			children = (
				54BEAEA31F302CCB0033F68C /* ExamineMainViewCell.swift */,
				54BEAEA41F302CCB0033F68C /* ExamineMainViewCell.xib */,
				54AC20B41F3948FE0055E28D /* ExamineDetailsViewCell.swift */,
				54AC20B51F3948FE0055E28D /* ExamineDetailsViewCell.xib */,
				54A860D41F341A310033C854 /* ExamineOptionViewCell.swift */,
				54A860D51F341A310033C854 /* ExamineOptionViewCell.xib */,
				54AC20BA1F3951670055E28D /* ExamineOptionLabelCell.swift */,
				54AC20BE1F39611B0055E28D /* ExamineOptionLabelCell.xib */,
			);
			path = View;
			sourceTree = "<group>";
		};
		54BEAEA71F3034A20033F68C /* Category */ = {
			isa = PBXGroup;
			children = (
				54BEAEA81F3034C00033F68C /* AppExtension.swift */,
			);
			path = Category;
			sourceTree = "<group>";
		};
		54BEAEB81F3089A90033F68C /* Tool */ = {
			isa = PBXGroup;
			children = (
				54BEAEB91F3089C00033F68C /* NetworkTool.swift */,
			);
			path = Tool;
			sourceTree = "<group>";
		};
		B894F666CB5AE04EA87FD1F3 /* Frameworks */ = {
			isa = PBXGroup;
			children = (
				F190B96B51B1444F3394FB64 /* Pods_Test.framework */,
			);
			name = Frameworks;
			sourceTree = "<group>";
		};
		F0E135D803933CEAEDBCDDD5 /* Pods */ = {
			isa = PBXGroup;
			children = (
				867D61C161DB93F2EE07647C /* Pods-Test.debug.xcconfig */,
				68C115F8E48BD42489C6902A /* Pods-Test.release.xcconfig */,
			);
			name = Pods;
			sourceTree = "<group>";
		};
/* End PBXGroup section */

/* Begin PBXNativeTarget section */
		54BEAE551F3014110033F68C /* Test */ = {
			isa = PBXNativeTarget;
			buildConfigurationList = 54BEAE7E1F3014120033F68C /* Build configuration list for PBXNativeTarget "Test" */;
			buildPhases = (
				6B38B3D5B5F53E02776F06FB /* [CP] Check Pods Manifest.lock */,
				54BEAE521F3014110033F68C /* Sources */,
				54BEAE531F3014110033F68C /* Frameworks */,
				54BEAE541F3014110033F68C /* Resources */,
				47AA5B9727B75EC4EA1FE9AD /* [CP] Embed Pods Frameworks */,
				FFA7CEC52690673E2CE20155 /* [CP] Copy Pods Resources */,
			);
			buildRules = (
			);
			dependencies = (
			);
			name = Test;
			productName = Test;
			productReference = 54BEAE561F3014120033F68C /* Test.app */;
			productType = "com.apple.product-type.application";
		};
		54BEAE691F3014120033F68C /* TestTests */ = {
			isa = PBXNativeTarget;
			buildConfigurationList = 54BEAE811F3014120033F68C /* Build configuration list for PBXNativeTarget "TestTests" */;
			buildPhases = (
				54BEAE661F3014120033F68C /* Sources */,
				54BEAE671F3014120033F68C /* Frameworks */,
				54BEAE681F3014120033F68C /* Resources */,
			);
			buildRules = (
			);
			dependencies = (
				54BEAE6C1F3014120033F68C /* PBXTargetDependency */,
			);
			name = TestTests;
			productName = TestTests;
			productReference = 54BEAE6A1F3014120033F68C /* TestTests.xctest */;
			productType = "com.apple.product-type.bundle.unit-test";
		};
		54BEAE741F3014120033F68C /* TestUITests */ = {
			isa = PBXNativeTarget;
			buildConfigurationList = 54BEAE841F3014120033F68C /* Build configuration list for PBXNativeTarget "TestUITests" */;
			buildPhases = (
				54BEAE711F3014120033F68C /* Sources */,
				54BEAE721F3014120033F68C /* Frameworks */,
				54BEAE731F3014120033F68C /* Resources */,
			);
			buildRules = (
			);
			dependencies = (
				54BEAE771F3014120033F68C /* PBXTargetDependency */,
			);
			name = TestUITests;
			productName = TestUITests;
			productReference = 54BEAE751F3014120033F68C /* TestUITests.xctest */;
			productType = "com.apple.product-type.bundle.ui-testing";
		};
/* End PBXNativeTarget section */

/* Begin PBXProject section */
		54BEAE4E1F3014110033F68C /* Project object */ = {
			isa = PBXProject;
			attributes = {
				LastSwiftUpdateCheck = 0820;
				LastUpgradeCheck = 0820;
				ORGANIZATIONNAME = wangdongkai;
				TargetAttributes = {
					54BEAE551F3014110033F68C = {
						CreatedOnToolsVersion = 8.2.1;
						DevelopmentTeam = 923KR76TZ3;
						ProvisioningStyle = Automatic;
					};
					54BEAE691F3014120033F68C = {
						CreatedOnToolsVersion = 8.2.1;
						ProvisioningStyle = Automatic;
						TestTargetID = 54BEAE551F3014110033F68C;
					};
					54BEAE741F3014120033F68C = {
						CreatedOnToolsVersion = 8.2.1;
						ProvisioningStyle = Automatic;
						TestTargetID = 54BEAE551F3014110033F68C;
					};
				};
			};
			buildConfigurationList = 54BEAE511F3014110033F68C /* Build configuration list for PBXProject "Test" */;
			compatibilityVersion = "Xcode 3.2";
			developmentRegion = English;
			hasScannedForEncodings = 0;
			knownRegions = (
				en,
				Base,
			);
			mainGroup = 54BEAE4D1F3014110033F68C;
			productRefGroup = 54BEAE571F3014120033F68C /* Products */;
			projectDirPath = "";
			projectRoot = "";
			targets = (
				54BEAE551F3014110033F68C /* Test */,
				54BEAE691F3014120033F68C /* TestTests */,
				54BEAE741F3014120033F68C /* TestUITests */,
			);
		};
/* End PBXProject section */

/* Begin PBXResourcesBuildPhase section */
		54BEAE541F3014110033F68C /* Resources */ = {
			isa = PBXResourcesBuildPhase;
			buildActionMask = 2147483647;
			files = (
				54AC21111F3B26F20055E28D /* criticleControl_9.png in Resources */,
				54AC210B1F3B26F20055E28D /* criticleControl_3.png in Resources */,
				54AC21091F3B26F20055E28D /* criticleControl_1.png in Resources */,
				54AC21431F3B26F20055E28D /* refreshControl_28.png in Resources */,
				54AC21211F3B26F20055E28D /* loading23.png in Resources */,
				54BEAE641F3014120033F68C /* LaunchScreen.storyboard in Resources */,
				54AC21121F3B26F20055E28D /* loading1.png in Resources */,
				54AC21241F3B26F20055E28D /* loading26.png in Resources */,
				54AC21191F3B26F20055E28D /* loading16.png in Resources */,
				54AC210C1F3B26F20055E28D /* criticleControl_4.png in Resources */,
				54AC21311F3B26F20055E28D /* refreshControl_11.png in Resources */,
				54AC213A1F3B26F20055E28D /* refreshControl_2.png in Resources */,
				54BEAE611F3014120033F68C /* Assets.xcassets in Resources */,
				54AC21491F3B26F20055E28D /* refreshControl_7.png in Resources */,
				54AC213E1F3B26F20055E28D /* refreshControl_23.png in Resources */,
				54AC211C1F3B26F20055E28D /* loading19.png in Resources */,
				54AC212F1F3B26F20055E28D /* refreshControl_1.png in Resources */,
				54AC21441F3B26F20055E28D /* refreshControl_29.png in Resources */,
				54AC21251F3B26F20055E28D /* loading27.png in Resources */,
				54AC21101F3B26F20055E28D /* criticleControl_8.png in Resources */,
				54AC21141F3B26F20055E28D /* loading11.png in Resources */,
				54AC21401F3B26F20055E28D /* refreshControl_25.png in Resources */,
				54AC211F1F3B26F20055E28D /* loading21.png in Resources */,
				54AC21361F3B26F20055E28D /* refreshControl_16.png in Resources */,
				54AC21351F3B26F20055E28D /* refreshControl_15.png in Resources */,
				54AC21331F3B26F20055E28D /* refreshControl_13.png in Resources */,
				54AC21201F3B26F20055E28D /* loading22.png in Resources */,
				54AC213F1F3B26F20055E28D /* refreshControl_24.png in Resources */,
				54AC211D1F3B26F20055E28D /* loading2.png in Resources */,
				54AC213B1F3B26F20055E28D /* refreshControl_20.png in Resources */,
				54AC212E1F3B26F20055E28D /* loading9.png in Resources */,
				54AC212D1F3B26F20055E28D /* loading8.png in Resources */,
				54AC21291F3B26F20055E28D /* loading4.png in Resources */,
				54AC21281F3B26F20055E28D /* loading3.png in Resources */,
				543321DC1F3C3DA200028CCB /* ExamineStaticssticsViewController.xib in Resources */,
				54AC21471F3B26F20055E28D /* refreshControl_5.png in Resources */,
				54AC21411F3B26F20055E28D /* refreshControl_26.png in Resources */,
				54AC21261F3B26F20055E28D /* loading28.png in Resources */,
				54AC21151F3B26F20055E28D /* loading12.png in Resources */,
				54AC211B1F3B26F20055E28D /* loading18.png in Resources */,
				54AC21481F3B26F20055E28D /* refreshControl_6.png in Resources */,
				54AC21341F3B26F20055E28D /* refreshControl_14.png in Resources */,
				54BEAE941F301D270033F68C /* LoginViewController.xib in Resources */,
				54AC212B1F3B26F20055E28D /* loading6.png in Resources */,
				54AC214B1F3B26F20055E28D /* refreshControl_9.png in Resources */,
				54AC211E1F3B26F20055E28D /* loading20.png in Resources */,
				54AC21391F3B26F20055E28D /* refreshControl_19.png in Resources */,
				54AC212A1F3B26F20055E28D /* loading5.png in Resources */,
				54AC21161F3B26F20055E28D /* loading13.png in Resources */,
				54AC20B71F3948FE0055E28D /* ExamineDetailsViewCell.xib in Resources */,
				54AC213D1F3B26F20055E28D /* refreshControl_22.png in Resources */,
				54AC214A1F3B26F20055E28D /* refreshControl_8.png in Resources */,
				54AC21421F3B26F20055E28D /* refreshControl_27.png in Resources */,
				54AC211A1F3B26F20055E28D /* loading17.png in Resources */,
				54AC21381F3B26F20055E28D /* refreshControl_18.png in Resources */,
				54AC21171F3B26F20055E28D /* loading14.png in Resources */,
				54AC210E1F3B26F20055E28D /* criticleControl_6.png in Resources */,
				54BEAEA61F302CCB0033F68C /* ExamineMainViewCell.xib in Resources */,
				54AC21461F3B26F20055E28D /* refreshControl_4.png in Resources */,
				54AC213C1F3B26F20055E28D /* refreshControl_21.png in Resources */,
				54AC21451F3B26F20055E28D /* refreshControl_3.png in Resources */,
				54AC21231F3B26F20055E28D /* loading25.png in Resources */,
				54AC21271F3B26F20055E28D /* loading29.png in Resources */,
				54AC210D1F3B26F20055E28D /* criticleControl_5.png in Resources */,
				54AC20BF1F39611B0055E28D /* ExamineOptionLabelCell.xib in Resources */,
				54AC21321F3B26F20055E28D /* refreshControl_12.png in Resources */,
				54AC21371F3B26F20055E28D /* refreshControl_17.png in Resources */,
				54A860D71F341A310033C854 /* ExamineOptionViewCell.xib in Resources */,
				54AC210F1F3B26F20055E28D /* criticleControl_7.png in Resources */,
				54AC21181F3B26F20055E28D /* loading15.png in Resources */,
				54AC210A1F3B26F20055E28D /* criticleControl_2.png in Resources */,
				54AC212C1F3B26F20055E28D /* loading7.png in Resources */,
				54AC21131F3B26F20055E28D /* loading10.png in Resources */,
				54AC21301F3B26F20055E28D /* refreshControl_10.png in Resources */,
				54AC21221F3B26F20055E28D /* loading24.png in Resources */,
			);
			runOnlyForDeploymentPostprocessing = 0;
		};
		54BEAE681F3014120033F68C /* Resources */ = {
			isa = PBXResourcesBuildPhase;
			buildActionMask = 2147483647;
			files = (
			);
			runOnlyForDeploymentPostprocessing = 0;
		};
		54BEAE731F3014120033F68C /* Resources */ = {
			isa = PBXResourcesBuildPhase;
			buildActionMask = 2147483647;
			files = (
			);
			runOnlyForDeploymentPostprocessing = 0;
		};
/* End PBXResourcesBuildPhase section */

/* Begin PBXShellScriptBuildPhase section */
		47AA5B9727B75EC4EA1FE9AD /* [CP] Embed Pods Frameworks */ = {
			isa = PBXShellScriptBuildPhase;
			buildActionMask = 2147483647;
			files = (
			);
			inputPaths = (
			);
			name = "[CP] Embed Pods Frameworks";
			outputPaths = (
			);
			runOnlyForDeploymentPostprocessing = 0;
			shellPath = /bin/sh;
			shellScript = "\"${SRCROOT}/Pods/Target Support Files/Pods-Test/Pods-Test-frameworks.sh\"\n";
			showEnvVarsInLog = 0;
		};
		6B38B3D5B5F53E02776F06FB /* [CP] Check Pods Manifest.lock */ = {
			isa = PBXShellScriptBuildPhase;
			buildActionMask = 2147483647;
			files = (
			);
			inputPaths = (
			);
			name = "[CP] Check Pods Manifest.lock";
			outputPaths = (
			);
			runOnlyForDeploymentPostprocessing = 0;
			shellPath = /bin/sh;
			shellScript = "diff \"${PODS_PODFILE_DIR_PATH}/Podfile.lock\" \"${PODS_ROOT}/Manifest.lock\" > /dev/null\nif [ $? != 0 ] ; then\n    # print error to STDERR\n    echo \"error: The sandbox is not in sync with the Podfile.lock. Run 'pod install' or update your CocoaPods installation.\" >&2\n    exit 1\nfi\n";
			showEnvVarsInLog = 0;
		};
		FFA7CEC52690673E2CE20155 /* [CP] Copy Pods Resources */ = {
			isa = PBXShellScriptBuildPhase;
			buildActionMask = 2147483647;
			files = (
			);
			inputPaths = (
			);
			name = "[CP] Copy Pods Resources";
			outputPaths = (
			);
			runOnlyForDeploymentPostprocessing = 0;
			shellPath = /bin/sh;
			shellScript = "\"${SRCROOT}/Pods/Target Support Files/Pods-Test/Pods-Test-resources.sh\"\n";
			showEnvVarsInLog = 0;
		};
/* End PBXShellScriptBuildPhase section */

/* Begin PBXSourcesBuildPhase section */
		54BEAE521F3014110033F68C /* Sources */ = {
			isa = PBXSourcesBuildPhase;
			buildActionMask = 2147483647;
			files = (
				5472C5961F31B18000BDFB7E /* ExamineItemModel.swift in Sources */,
				54BEAE9A1F3024A10033F68C /* CustomNavigationController.swift in Sources */,
				54BEAEA51F302CCB0033F68C /* ExamineMainViewCell.swift in Sources */,
				54BEAEA21F302C440033F68C /* ExamineMainViewController.swift in Sources */,
				54BEAEBA1F3089C00033F68C /* NetworkTool.swift in Sources */,
				543321DB1F3C3DA200028CCB /* ExamineStaticssticsViewController.swift in Sources */,
				54BEAEA91F3034C00033F68C /* AppExtension.swift in Sources */,
				5472C5981F31B19600BDFB7E /* ExamineAnswerModel.swift in Sources */,
				54BEAE931F301D270033F68C /* LoginViewController.swift in Sources */,
				5472C5941F31AFA300BDFB7E /* ExamineDetailModel.swift in Sources */,
				54BEAE5A1F3014120033F68C /* AppDelegate.swift in Sources */,
				54AC20BC1F3951670055E28D /* ExamineOptionLabelCell.swift in Sources */,
				54BEAEB11F3054570033F68C /* ExamineDetailViewController.swift in Sources */,
				54AC20C11F39B9EC0055E28D /* ExamineSubmitModel.swift in Sources */,
				54A860D61F341A310033C854 /* ExamineOptionViewCell.swift in Sources */,
				5472C5921F316C2000BDFB7E /* ExamineMainModel.swift in Sources */,
				54BEAEBC1F3094D00033F68C /* UserModel.swift in Sources */,
				54AC20B61F3948FE0055E28D /* ExamineDetailsViewCell.swift in Sources */,
			);
			runOnlyForDeploymentPostprocessing = 0;
		};
		54BEAE661F3014120033F68C /* Sources */ = {
			isa = PBXSourcesBuildPhase;
			buildActionMask = 2147483647;
			files = (
				54BEAE6F1F3014120033F68C /* TestTests.swift in Sources */,
			);
			runOnlyForDeploymentPostprocessing = 0;
		};
		54BEAE711F3014120033F68C /* Sources */ = {
			isa = PBXSourcesBuildPhase;
			buildActionMask = 2147483647;
			files = (
				54BEAE7A1F3014120033F68C /* TestUITests.swift in Sources */,
			);
			runOnlyForDeploymentPostprocessing = 0;
		};
/* End PBXSourcesBuildPhase section */

/* Begin PBXTargetDependency section */
		54BEAE6C1F3014120033F68C /* PBXTargetDependency */ = {
			isa = PBXTargetDependency;
			target = 54BEAE551F3014110033F68C /* Test */;
			targetProxy = 54BEAE6B1F3014120033F68C /* PBXContainerItemProxy */;
		};
		54BEAE771F3014120033F68C /* PBXTargetDependency */ = {
			isa = PBXTargetDependency;
			target = 54BEAE551F3014110033F68C /* Test */;
			targetProxy = 54BEAE761F3014120033F68C /* PBXContainerItemProxy */;
		};
/* End PBXTargetDependency section */

/* Begin PBXVariantGroup section */
		54BEAE621F3014120033F68C /* LaunchScreen.storyboard */ = {
			isa = PBXVariantGroup;
			children = (
				54BEAE631F3014120033F68C /* Base */,
			);
			name = LaunchScreen.storyboard;
			sourceTree = "<group>";
		};
/* End PBXVariantGroup section */

/* Begin XCBuildConfiguration section */
		54BEAE7C1F3014120033F68C /* Debug */ = {
			isa = XCBuildConfiguration;
			buildSettings = {
				ALWAYS_SEARCH_USER_PATHS = NO;
				CLANG_ANALYZER_NONNULL = YES;
				CLANG_CXX_LANGUAGE_STANDARD = "gnu++0x";
				CLANG_CXX_LIBRARY = "libc++";
				CLANG_ENABLE_MODULES = YES;
				CLANG_ENABLE_OBJC_ARC = YES;
				CLANG_WARN_BOOL_CONVERSION = YES;
				CLANG_WARN_CONSTANT_CONVERSION = YES;
				CLANG_WARN_DIRECT_OBJC_ISA_USAGE = YES_ERROR;
				CLANG_WARN_DOCUMENTATION_COMMENTS = YES;
				CLANG_WARN_EMPTY_BODY = YES;
				CLANG_WARN_ENUM_CONVERSION = YES;
				CLANG_WARN_INFINITE_RECURSION = YES;
				CLANG_WARN_INT_CONVERSION = YES;
				CLANG_WARN_OBJC_ROOT_CLASS = YES_ERROR;
				CLANG_WARN_SUSPICIOUS_MOVE = YES;
				CLANG_WARN_UNREACHABLE_CODE = YES;
				CLANG_WARN__DUPLICATE_METHOD_MATCH = YES;
				"CODE_SIGN_IDENTITY[sdk=iphoneos*]" = "iPhone Developer";
				COPY_PHASE_STRIP = NO;
				DEBUG_INFORMATION_FORMAT = dwarf;
				ENABLE_STRICT_OBJC_MSGSEND = YES;
				ENABLE_TESTABILITY = YES;
				GCC_C_LANGUAGE_STANDARD = gnu99;
				GCC_DYNAMIC_NO_PIC = NO;
				GCC_NO_COMMON_BLOCKS = YES;
				GCC_OPTIMIZATION_LEVEL = 0;
				GCC_PREPROCESSOR_DEFINITIONS = (
					"DEBUG=1",
					"$(inherited)",
				);
				GCC_WARN_64_TO_32_BIT_CONVERSION = YES;
				GCC_WARN_ABOUT_RETURN_TYPE = YES_ERROR;
				GCC_WARN_UNDECLARED_SELECTOR = YES;
				GCC_WARN_UNINITIALIZED_AUTOS = YES_AGGRESSIVE;
				GCC_WARN_UNUSED_FUNCTION = YES;
				GCC_WARN_UNUSED_VARIABLE = YES;
				IPHONEOS_DEPLOYMENT_TARGET = 10.2;
				MTL_ENABLE_DEBUG_INFO = YES;
				ONLY_ACTIVE_ARCH = YES;
				SDKROOT = iphoneos;
				SWIFT_ACTIVE_COMPILATION_CONDITIONS = DEBUG;
				SWIFT_OPTIMIZATION_LEVEL = "-Onone";
				TARGETED_DEVICE_FAMILY = "1,2";
			};
			name = Debug;
		};
		54BEAE7D1F3014120033F68C /* Release */ = {
			isa = XCBuildConfiguration;
			buildSettings = {
				ALWAYS_SEARCH_USER_PATHS = NO;
				CLANG_ANALYZER_NONNULL = YES;
				CLANG_CXX_LANGUAGE_STANDARD = "gnu++0x";
				CLANG_CXX_LIBRARY = "libc++";
				CLANG_ENABLE_MODULES = YES;
				CLANG_ENABLE_OBJC_ARC = YES;
				CLANG_WARN_BOOL_CONVERSION = YES;
				CLANG_WARN_CONSTANT_CONVERSION = YES;
				CLANG_WARN_DIRECT_OBJC_ISA_USAGE = YES_ERROR;
				CLANG_WARN_DOCUMENTATION_COMMENTS = YES;
				CLANG_WARN_EMPTY_BODY = YES;
				CLANG_WARN_ENUM_CONVERSION = YES;
				CLANG_WARN_INFINITE_RECURSION = YES;
				CLANG_WARN_INT_CONVERSION = YES;
				CLANG_WARN_OBJC_ROOT_CLASS = YES_ERROR;
				CLANG_WARN_SUSPICIOUS_MOVE = YES;
				CLANG_WARN_UNREACHABLE_CODE = YES;
				CLANG_WARN__DUPLICATE_METHOD_MATCH = YES;
				"CODE_SIGN_IDENTITY[sdk=iphoneos*]" = "iPhone Developer";
				COPY_PHASE_STRIP = NO;
				DEBUG_INFORMATION_FORMAT = "dwarf-with-dsym";
				ENABLE_NS_ASSERTIONS = NO;
				ENABLE_STRICT_OBJC_MSGSEND = YES;
				GCC_C_LANGUAGE_STANDARD = gnu99;
				GCC_NO_COMMON_BLOCKS = YES;
				GCC_WARN_64_TO_32_BIT_CONVERSION = YES;
				GCC_WARN_ABOUT_RETURN_TYPE = YES_ERROR;
				GCC_WARN_UNDECLARED_SELECTOR = YES;
				GCC_WARN_UNINITIALIZED_AUTOS = YES_AGGRESSIVE;
				GCC_WARN_UNUSED_FUNCTION = YES;
				GCC_WARN_UNUSED_VARIABLE = YES;
				IPHONEOS_DEPLOYMENT_TARGET = 10.2;
				MTL_ENABLE_DEBUG_INFO = NO;
				SDKROOT = iphoneos;
				SWIFT_OPTIMIZATION_LEVEL = "-Owholemodule";
				TARGETED_DEVICE_FAMILY = "1,2";
				VALIDATE_PRODUCT = YES;
			};
			name = Release;
		};
		54BEAE7F1F3014120033F68C /* Debug */ = {
			isa = XCBuildConfiguration;
			baseConfigurationReference = 867D61C161DB93F2EE07647C /* Pods-Test.debug.xcconfig */;
			buildSettings = {
				ASSETCATALOG_COMPILER_APPICON_NAME = AppIcon;
				ASSETCATALOG_COMPILER_LAUNCHIMAGE_NAME = LaunchImage;
				DEVELOPMENT_TEAM = 923KR76TZ3;
				INFOPLIST_FILE = Test/Info.plist;
				IPHONEOS_DEPLOYMENT_TARGET = 9.0;
				LD_RUNPATH_SEARCH_PATHS = "$(inherited) @executable_path/Frameworks";
				PRODUCT_BUNDLE_IDENTIFIER = com.IQtogether.Test;
				PRODUCT_NAME = "$(TARGET_NAME)";
				SWIFT_VERSION = 3.0;
			};
			name = Debug;
		};
		54BEAE801F3014120033F68C /* Release */ = {
			isa = XCBuildConfiguration;
			baseConfigurationReference = 68C115F8E48BD42489C6902A /* Pods-Test.release.xcconfig */;
			buildSettings = {
				ASSETCATALOG_COMPILER_APPICON_NAME = AppIcon;
				ASSETCATALOG_COMPILER_LAUNCHIMAGE_NAME = LaunchImage;
				DEVELOPMENT_TEAM = 923KR76TZ3;
				INFOPLIST_FILE = Test/Info.plist;
				IPHONEOS_DEPLOYMENT_TARGET = 9.0;
				LD_RUNPATH_SEARCH_PATHS = "$(inherited) @executable_path/Frameworks";
				PRODUCT_BUNDLE_IDENTIFIER = com.IQtogether.Test;
				PRODUCT_NAME = "$(TARGET_NAME)";
				SWIFT_VERSION = 3.0;
			};
			name = Release;
		};
		54BEAE821F3014120033F68C /* Debug */ = {
			isa = XCBuildConfiguration;
			buildSettings = {
				ALWAYS_EMBED_SWIFT_STANDARD_LIBRARIES = YES;
				BUNDLE_LOADER = "$(TEST_HOST)";
				INFOPLIST_FILE = TestTests/Info.plist;
				LD_RUNPATH_SEARCH_PATHS = "$(inherited) @executable_path/Frameworks @loader_path/Frameworks";
				PRODUCT_BUNDLE_IDENTIFIER = com.IQtogether.TestTests;
				PRODUCT_NAME = "$(TARGET_NAME)";
				SWIFT_VERSION = 3.0;
				TEST_HOST = "$(BUILT_PRODUCTS_DIR)/Test.app/Test";
			};
			name = Debug;
		};
		54BEAE831F3014120033F68C /* Release */ = {
			isa = XCBuildConfiguration;
			buildSettings = {
				ALWAYS_EMBED_SWIFT_STANDARD_LIBRARIES = YES;
				BUNDLE_LOADER = "$(TEST_HOST)";
				INFOPLIST_FILE = TestTests/Info.plist;
				LD_RUNPATH_SEARCH_PATHS = "$(inherited) @executable_path/Frameworks @loader_path/Frameworks";
				PRODUCT_BUNDLE_IDENTIFIER = com.IQtogether.TestTests;
				PRODUCT_NAME = "$(TARGET_NAME)";
				SWIFT_VERSION = 3.0;
				TEST_HOST = "$(BUILT_PRODUCTS_DIR)/Test.app/Test";
			};
			name = Release;
		};
		54BEAE851F3014120033F68C /* Debug */ = {
			isa = XCBuildConfiguration;
			buildSettings = {
				ALWAYS_EMBED_SWIFT_STANDARD_LIBRARIES = YES;
				INFOPLIST_FILE = TestUITests/Info.plist;
				LD_RUNPATH_SEARCH_PATHS = "$(inherited) @executable_path/Frameworks @loader_path/Frameworks";
				PRODUCT_BUNDLE_IDENTIFIER = com.IQtogether.TestUITests;
				PRODUCT_NAME = "$(TARGET_NAME)";
				SWIFT_VERSION = 3.0;
				TEST_TARGET_NAME = Test;
			};
			name = Debug;
		};
		54BEAE861F3014120033F68C /* Release */ = {
			isa = XCBuildConfiguration;
			buildSettings = {
				ALWAYS_EMBED_SWIFT_STANDARD_LIBRARIES = YES;
				INFOPLIST_FILE = TestUITests/Info.plist;
				LD_RUNPATH_SEARCH_PATHS = "$(inherited) @executable_path/Frameworks @loader_path/Frameworks";
				PRODUCT_BUNDLE_IDENTIFIER = com.IQtogether.TestUITests;
				PRODUCT_NAME = "$(TARGET_NAME)";
				SWIFT_VERSION = 3.0;
				TEST_TARGET_NAME = Test;
			};
			name = Release;
		};
/* End XCBuildConfiguration section */

/* Begin XCConfigurationList section */
		54BEAE511F3014110033F68C /* Build configuration list for PBXProject "Test" */ = {
			isa = XCConfigurationList;
			buildConfigurations = (
				54BEAE7C1F3014120033F68C /* Debug */,
				54BEAE7D1F3014120033F68C /* Release */,
			);
			defaultConfigurationIsVisible = 0;
			defaultConfigurationName = Release;
		};
		54BEAE7E1F3014120033F68C /* Build configuration list for PBXNativeTarget "Test" */ = {
			isa = XCConfigurationList;
			buildConfigurations = (
				54BEAE7F1F3014120033F68C /* Debug */,
				54BEAE801F3014120033F68C /* Release */,
			);
			defaultConfigurationIsVisible = 0;
			defaultConfigurationName = Release;
		};
		54BEAE811F3014120033F68C /* Build configuration list for PBXNativeTarget "TestTests" */ = {
			isa = XCConfigurationList;
			buildConfigurations = (
				54BEAE821F3014120033F68C /* Debug */,
				54BEAE831F3014120033F68C /* Release */,
			);
			defaultConfigurationIsVisible = 0;
			defaultConfigurationName = Release;
		};
		54BEAE841F3014120033F68C /* Build configuration list for PBXNativeTarget "TestUITests" */ = {
			isa = XCConfigurationList;
			buildConfigurations = (
				54BEAE851F3014120033F68C /* Debug */,
				54BEAE861F3014120033F68C /* Release */,
			);
			defaultConfigurationIsVisible = 0;
			defaultConfigurationName = Release;
		};
/* End XCConfigurationList section */
	};
	rootObject = 54BEAE4E1F3014110033F68C /* Project object */;
}
